
Microsoft Visual Studio Solution File, Format Version 12.00
# Visual Studio Version 17
VisualStudioVersion = 17.6.33723.286
MinimumVisualStudioVersion = 10.0.40219.1
Project("{9A19103F-16F7-4668-BE54-9A1E7A4F7556}") = "SqlBuildingBlocks.Core", "src\Core\SqlBuildingBlocks.Core.csproj", "{79FBCB53-4784-4896-8E78-B678C0E6ACEC}"
EndProject
Project("{2150E333-8FDC-42A3-9474-1A3956D46DE8}") = "Tests", "Tests", "{83B9C7C1-A4ED-49E4-988F-89E3423313EB}"
EndProject
Project("{9A19103F-16F7-4668-BE54-9A1E7A4F7556}") = "SqlBuildingBlocks.Core.Tests", "tests\Core.Tests\SqlBuildingBlocks.Core.Tests.csproj", "{FDB8AF1D-3F96-4F4E-8B46-2D14F3321A00}"
EndProject
Project("{9A19103F-16F7-4668-BE54-9A1E7A4F7556}") = "SqlBuildingBlocks.Grammars.AnsiSQL", "src\Grammars\AnsiSQL\SqlBuildingBlocks.Grammars.AnsiSQL.csproj", "{28F393D0-DF3B-4AEE-9993-8390D1BC066C}"
EndProject
Project("{9A19103F-16F7-4668-BE54-9A1E7A4F7556}") = "SqlBuildingBlocks.Grammars.SQLServer", "src\Grammars\SQLServer\SqlBuildingBlocks.Grammars.SQLServer.csproj", "{F77B4E33-B9A1-488A-B2ED-F130C53D6F1C}"
EndProject
Project("{9A19103F-16F7-4668-BE54-9A1E7A4F7556}") = "SqlBuildingBlocks.Grammars.MySQL", "src\Grammars\MySQL\SqlBuildingBlocks.Grammars.MySQL.csproj", "{2753F5AA-5A7E-4B82-BA71-79AD7C81F6FF}"
EndProject
Project("{2150E333-8FDC-42A3-9474-1A3956D46DE8}") = "Solution Items", "Solution Items", "{8CFE6E37-04D7-4599-97FB-7D2F1F189CE3}"
	ProjectSection(SolutionItems) = preProject
		Packages.props = Packages.props
	EndProjectSection
EndProject
Project("{9A19103F-16F7-4668-BE54-9A1E7A4F7556}") = "SqlBuildingBlocks.Grammars.PostgreSQL", "src\Grammars\PostgreSQL\SqlBuildingBlocks.Grammars.PostgreSQL.csproj", "{44827791-6AFA-4240-8307-EB16AE8E6257}"
EndProject
Project("{9A19103F-16F7-4668-BE54-9A1E7A4F7556}") = "SqlBuildingBlocks.Grammars.AnsiSQL.Tests", "tests\Grammars\AnsiSQL.Tests\SqlBuildingBlocks.Grammars.AnsiSQL.Tests.csproj", "{5F7DFB56-3A46-437E-A8D7-4F0A5853CBCD}"
EndProject
Project("{9A19103F-16F7-4668-BE54-9A1E7A4F7556}") = "SqlBuildingBlocks.Grammars.MySQL.Tests", "tests\Grammars\MySQL.Tests\SqlBuildingBlocks.Grammars.MySQL.Tests.csproj", "{9182BAE0-0023-4E48-830F-184A3E3DFB89}"
EndProject
Project("{9A19103F-16F7-4668-BE54-9A1E7A4F7556}") = "SqlBuildingBlocks.Grammars.PostgreSQL.Tests", "tests\Grammars\PostgreSQL.Tests\SqlBuildingBlocks.Grammars.PostgreSQL.Tests.csproj", "{B377CC60-B4BC-4A89-9856-553711690127}"
EndProject
Project("{9A19103F-16F7-4668-BE54-9A1E7A4F7556}") = "SqlBuildingBlocks.Grammars.SQLServer.Tests", "tests\Grammars\SQLServer.Tests\SqlBuildingBlocks.Grammars.SQLServer.Tests.csproj", "{7BB67ECA-F6A6-4BB5-9DCB-0D9BFB710B19}"
EndProject
Project("{9A19103F-16F7-4668-BE54-9A1E7A4F7556}") = "SqlBuildingBlocks.Grammars.CrossCutting.Tests", "tests\Grammars\CrossCutting.Tests\SqlBuildingBlocks.Grammars.CrossCutting.Tests.csproj", "{C9A24CA5-910E-4930-8F35-3ABD30109B96}"
EndProject
Global
	GlobalSection(SolutionConfigurationPlatforms) = preSolution
		Debug|Any CPU = Debug|Any CPU
		Release|Any CPU = Release|Any CPU
	EndGlobalSection
	GlobalSection(ProjectConfigurationPlatforms) = postSolution
		{79FBCB53-4784-4896-8E78-B678C0E6ACEC}.Debug|Any CPU.ActiveCfg = Debug|Any CPU
		{79FBCB53-4784-4896-8E78-B678C0E6ACEC}.Debug|Any CPU.Build.0 = Debug|Any CPU
		{79FBCB53-4784-4896-8E78-B678C0E6ACEC}.Release|Any CPU.ActiveCfg = Release|Any CPU
		{79FBCB53-4784-4896-8E78-B678C0E6ACEC}.Release|Any CPU.Build.0 = Release|Any CPU
		{FDB8AF1D-3F96-4F4E-8B46-2D14F3321A00}.Debug|Any CPU.ActiveCfg = Debug|Any CPU
		{FDB8AF1D-3F96-4F4E-8B46-2D14F3321A00}.Debug|Any CPU.Build.0 = Debug|Any CPU
		{FDB8AF1D-3F96-4F4E-8B46-2D14F3321A00}.Release|Any CPU.ActiveCfg = Release|Any CPU
		{FDB8AF1D-3F96-4F4E-8B46-2D14F3321A00}.Release|Any CPU.Build.0 = Release|Any CPU
		{28F393D0-DF3B-4AEE-9993-8390D1BC066C}.Debug|Any CPU.ActiveCfg = Debug|Any CPU
		{28F393D0-DF3B-4AEE-9993-8390D1BC066C}.Debug|Any CPU.Build.0 = Debug|Any CPU
		{28F393D0-DF3B-4AEE-9993-8390D1BC066C}.Release|Any CPU.ActiveCfg = Release|Any CPU
		{28F393D0-DF3B-4AEE-9993-8390D1BC066C}.Release|Any CPU.Build.0 = Release|Any CPU
		{F77B4E33-B9A1-488A-B2ED-F130C53D6F1C}.Debug|Any CPU.ActiveCfg = Debug|Any CPU
		{F77B4E33-B9A1-488A-B2ED-F130C53D6F1C}.Debug|Any CPU.Build.0 = Debug|Any CPU
		{F77B4E33-B9A1-488A-B2ED-F130C53D6F1C}.Release|Any CPU.ActiveCfg = Release|Any CPU
		{F77B4E33-B9A1-488A-B2ED-F130C53D6F1C}.Release|Any CPU.Build.0 = Release|Any CPU
		{2753F5AA-5A7E-4B82-BA71-79AD7C81F6FF}.Debug|Any CPU.ActiveCfg = Debug|Any CPU
		{2753F5AA-5A7E-4B82-BA71-79AD7C81F6FF}.Debug|Any CPU.Build.0 = Debug|Any CPU
		{2753F5AA-5A7E-4B82-BA71-79AD7C81F6FF}.Release|Any CPU.ActiveCfg = Release|Any CPU
		{2753F5AA-5A7E-4B82-BA71-79AD7C81F6FF}.Release|Any CPU.Build.0 = Release|Any CPU
		{44827791-6AFA-4240-8307-EB16AE8E6257}.Debug|Any CPU.ActiveCfg = Debug|Any CPU
		{44827791-6AFA-4240-8307-EB16AE8E6257}.Debug|Any CPU.Build.0 = Debug|Any CPU
		{44827791-6AFA-4240-8307-EB16AE8E6257}.Release|Any CPU.ActiveCfg = Release|Any CPU
		{44827791-6AFA-4240-8307-EB16AE8E6257}.Release|Any CPU.Build.0 = Release|Any CPU
		{5F7DFB56-3A46-437E-A8D7-4F0A5853CBCD}.Debug|Any CPU.ActiveCfg = Debug|Any CPU
		{5F7DFB56-3A46-437E-A8D7-4F0A5853CBCD}.Debug|Any CPU.Build.0 = Debug|Any CPU
		{5F7DFB56-3A46-437E-A8D7-4F0A5853CBCD}.Release|Any CPU.ActiveCfg = Release|Any CPU
		{5F7DFB56-3A46-437E-A8D7-4F0A5853CBCD}.Release|Any CPU.Build.0 = Release|Any CPU
		{9182BAE0-0023-4E48-830F-184A3E3DFB89}.Debug|Any CPU.ActiveCfg = Debug|Any CPU
		{9182BAE0-0023-4E48-830F-184A3E3DFB89}.Debug|Any CPU.Build.0 = Debug|Any CPU
		{9182BAE0-0023-4E48-830F-184A3E3DFB89}.Release|Any CPU.ActiveCfg = Release|Any CPU
		{9182BAE0-0023-4E48-830F-184A3E3DFB89}.Release|Any CPU.Build.0 = Release|Any CPU
		{B377CC60-B4BC-4A89-9856-553711690127}.Debug|Any CPU.ActiveCfg = Debug|Any CPU
		{B377CC60-B4BC-4A89-9856-553711690127}.Debug|Any CPU.Build.0 = Debug|Any CPU
		{B377CC60-B4BC-4A89-9856-553711690127}.Release|Any CPU.ActiveCfg = Release|Any CPU
		{B377CC60-B4BC-4A89-9856-553711690127}.Release|Any CPU.Build.0 = Release|Any CPU
		{7BB67ECA-F6A6-4BB5-9DCB-0D9BFB710B19}.Debug|Any CPU.ActiveCfg = Debug|Any CPU
		{7BB67ECA-F6A6-4BB5-9DCB-0D9BFB710B19}.Debug|Any CPU.Build.0 = Debug|Any CPU
		{7BB67ECA-F6A6-4BB5-9DCB-0D9BFB710B19}.Release|Any CPU.ActiveCfg = Release|Any CPU
		{7BB67ECA-F6A6-4BB5-9DCB-0D9BFB710B19}.Release|Any CPU.Build.0 = Release|Any CPU
		{C9A24CA5-910E-4930-8F35-3ABD30109B96}.Debug|Any CPU.ActiveCfg = Debug|Any CPU
		{C9A24CA5-910E-4930-8F35-3ABD30109B96}.Debug|Any CPU.Build.0 = Debug|Any CPU
		{C9A24CA5-910E-4930-8F35-3ABD30109B96}.Release|Any CPU.ActiveCfg = Release|Any CPU
		{C9A24CA5-910E-4930-8F35-3ABD30109B96}.Release|Any CPU.Build.0 = Release|Any CPU
	EndGlobalSection
	GlobalSection(SolutionProperties) = preSolution
		HideSolutionNode = FALSE
	EndGlobalSection
	GlobalSection(NestedProjects) = preSolution
		{FDB8AF1D-3F96-4F4E-8B46-2D14F3321A00} = {83B9C7C1-A4ED-49E4-988F-89E3423313EB}
		{5F7DFB56-3A46-437E-A8D7-4F0A5853CBCD} = {83B9C7C1-A4ED-49E4-988F-89E3423313EB}
		{9182BAE0-0023-4E48-830F-184A3E3DFB89} = {83B9C7C1-A4ED-49E4-988F-89E3423313EB}
		{B377CC60-B4BC-4A89-9856-553711690127} = {83B9C7C1-A4ED-49E4-988F-89E3423313EB}
		{7BB67ECA-F6A6-4BB5-9DCB-0D9BFB710B19} = {83B9C7C1-A4ED-49E4-988F-89E3423313EB}
		{C9A24CA5-910E-4930-8F35-3ABD30109B96} = {83B9C7C1-A4ED-49E4-988F-89E3423313EB}
	EndGlobalSection
	GlobalSection(ExtensibilityGlobals) = postSolution
		SolutionGuid = {834FEEDD-2B16-456F-9126-C7C082A29837}
	EndGlobalSection
EndGlobal
